
Microsoft Visual Studio Solution File, Format Version 12.00
# Visual Studio Version 17
VisualStudioVersion = 17.4.33205.214
MinimumVisualStudioVersion = 10.0.40219.1
Project("{FAE04EC0-301F-11D3-BF4B-00C04F79EFBC}") = "LevelSC", "LevelSC.csproj", "{2D34C3F3-2AF5-4A42-8DCB-1C3585EB0469}"
EndProject
Global
	GlobalSection(SolutionConfigurationPlatforms) = preSolution
		Debug|Any CPU = Debug|Any CPU
		Release|Any CPU = Release|Any CPU
	EndGlobalSection
	GlobalSection(ProjectConfigurationPlatforms) = postSolution
		{2D34C3F3-2AF5-4A42-8DCB-1C3585EB0469}.Debug|Any CPU.ActiveCfg = Debug|Any CPU
		{2D34C3F3-2AF5-4A42-8DCB-1C3585EB0469}.Debug|Any CPU.Build.0 = Debug|Any CPU
		{2D34C3F3-2AF5-4A42-8DCB-1C3585EB0469}.Release|Any CPU.ActiveCfg = Release|Any CPU
		{2D34C3F3-2AF5-4A42-8DCB-1C3585EB0469}.Release|Any CPU.Build.0 = Release|Any CPU
	EndGlobalSection
	GlobalSection(SolutionProperties) = preSolution
		HideSolutionNode = FALSE
	EndGlobalSection
	GlobalSection(ExtensibilityGlobals) = postSolution
		SolutionGuid = {A6C27CDE-14EE-45AB-925F-F8176B85FE94}
	EndGlobalSection
EndGlobal
